{
  "version": 4,
  "terraform_version": "0.14.10",
  "serial": 3,
  "lineage": "54c08eac-4f9f-063c-4839-720b6e626f4d",
  "outputs": {
    "google_cloud_storage_bucket_location": {
      "value": "US",
      "type": "string"
    },
    "google_cloud_storage_bucket_name": {
      "value": "gcloudbucket_anidemo",
      "type": "string"
    }
  },
  "resources": [
    {
      "mode": "managed",
      "type": "google_storage_bucket",
      "name": "auto-expire",
      "provider": "provider[\"registry.terraform.io/hashicorp/google\"]",
      "instances": [
        {
          "schema_version": 0,
          "attributes": {
            "bucket_policy_only": true,
            "cors": [],
            "default_event_based_hold": false,
            "encryption": [],
            "force_destroy": true,
            "id": "gcloudbucket_anidemo",
            "labels": null,
            "lifecycle_rule": [
              {
                "action": [
                  {
                    "storage_class": "",
                    "type": "Delete"
                  }
                ],
                "condition": [
                  {
                    "age": 1,
                    "created_before": "",
                    "custom_time_before": "",
                    "days_since_custom_time": 0,
                    "days_since_noncurrent_time": 0,
                    "matches_storage_class": [],
                    "noncurrent_time_before": "",
                    "num_newer_versions": 0,
                    "with_state": "ANY"
                  }
                ]
              }
            ],
            "location": "US",
            "logging": [],
            "name": "gcloudbucket_anidemo",
            "project": "terraform-anidemo",
            "requester_pays": false,
            "retention_policy": [],
            "self_link": "https://www.googleapis.com/storage/v1/b/gcloudbucket_anidemo",
            "storage_class": "STANDARD",
            "uniform_bucket_level_access": true,
            "url": "gs://gcloudbucket_anidemo",
            "versioning": [],
            "website": []
          },
          "sensitive_attributes": [],
          "private": "bnVsbA=="
        }
      ]
    }
  ]
}
